// !$*UTF8*$!
{
	archiveVersion = 1;
	classes = {
	};
	objectVersion = 46;
	objects = {

/* Begin PBXBuildFile section */
		838F68C51F7108C300C7339B /* AppDelegate.swift in Sources */ = {isa = PBXBuildFile; fileRef = 838F68C41F7108C300C7339B /* AppDelegate.swift */; };
		838F68C71F7108C300C7339B /* ViewController.swift in Sources */ = {isa = PBXBuildFile; fileRef = 838F68C61F7108C300C7339B /* ViewController.swift */; };
		838F68CA1F7108C300C7339B /* Main.storyboard in Resources */ = {isa = PBXBuildFile; fileRef = 838F68C81F7108C300C7339B /* Main.storyboard */; };
		838F68CC1F7108C300C7339B /* Assets.xcassets in Resources */ = {isa = PBXBuildFile; fileRef = 838F68CB1F7108C300C7339B /* Assets.xcassets */; };
		838F68CF1F7108C300C7339B /* LaunchScreen.storyboard in Resources */ = {isa = PBXBuildFile; fileRef = 838F68CD1F7108C300C7339B /* LaunchScreen.storyboard */; };
		838F68DF1F7108F100C7339B /* Blood.png in Resources */ = {isa = PBXBuildFile; fileRef = 838F68DC1F7108F100C7339B /* Blood.png */; };
		838F68E01F7108F100C7339B /* Sun.png in Resources */ = {isa = PBXBuildFile; fileRef = 838F68DD1F7108F100C7339B /* Sun.png */; };
		838F68E11F7108F100C7339B /* Moon.png in Resources */ = {isa = PBXBuildFile; fileRef = 838F68DE1F7108F100C7339B /* Moon.png */; };
		838F68E81F71090000C7339B /* location.png in Resources */ = {isa = PBXBuildFile; fileRef = 838F68E21F71090000C7339B /* location.png */; };
		838F68E91F71090000C7339B /* location@2x.png in Resources */ = {isa = PBXBuildFile; fileRef = 838F68E31F71090000C7339B /* location@2x.png */; };
		838F68EA1F71090000C7339B /* location@3x.png in Resources */ = {isa = PBXBuildFile; fileRef = 838F68E41F71090000C7339B /* location@3x.png */; };
		838F68EB1F71090000C7339B /* Refresh.png in Resources */ = {isa = PBXBuildFile; fileRef = 838F68E51F71090000C7339B /* Refresh.png */; };
		838F68EC1F71090000C7339B /* Refresh@2x.png in Resources */ = {isa = PBXBuildFile; fileRef = 838F68E61F71090000C7339B /* Refresh@2x.png */; };
		838F68ED1F71090000C7339B /* Refresh@3x.png in Resources */ = {isa = PBXBuildFile; fileRef = 838F68E71F71090000C7339B /* Refresh@3x.png */; };
/* End PBXBuildFile section */

/* Begin PBXFileReference section */
		838F68C11F7108C300C7339B /* iWeather.app */ = {isa = PBXFileReference; explicitFileType = wrapper.application; includeInIndex = 0; path = iWeather.app; sourceTree = BUILT_PRODUCTS_DIR; };
		838F68C41F7108C300C7339B /* AppDelegate.swift */ = {isa = PBXFileReference; lastKnownFileType = sourcecode.swift; path = AppDelegate.swift; sourceTree = "<group>"; };
		838F68C61F7108C300C7339B /* ViewController.swift */ = {isa = PBXFileReference; lastKnownFileType = sourcecode.swift; path = ViewController.swift; sourceTree = "<group>"; };
		838F68C91F7108C300C7339B /* Base */ = {isa = PBXFileReference; lastKnownFileType = file.storyboard; name = Base; path = Base.lproj/Main.storyboard; sourceTree = "<group>"; };
		838F68CB1F7108C300C7339B /* Assets.xcassets */ = {isa = PBXFileReference; lastKnownFileType = folder.assetcatalog; path = Assets.xcassets; sourceTree = "<group>"; };
		838F68CE1F7108C300C7339B /* Base */ = {isa = PBXFileReference; lastKnownFileType = file.storyboard; name = Base; path = Base.lproj/LaunchScreen.storyboard; sourceTree = "<group>"; };
		838F68D01F7108C300C7339B /* Info.plist */ = {isa = PBXFileReference; lastKnownFileType = text.plist.xml; path = Info.plist; sourceTree = "<group>"; };
		838F68DC1F7108F100C7339B /* Blood.png */ = {isa = PBXFileReference; lastKnownFileType = image.png; path = Blood.png; sourceTree = "<group>"; };
		838F68DD1F7108F100C7339B /* Sun.png */ = {isa = PBXFileReference; lastKnownFileType = image.png; path = Sun.png; sourceTree = "<group>"; };
		838F68DE1F7108F100C7339B /* Moon.png */ = {isa = PBXFileReference; lastKnownFileType = image.png; path = Moon.png; sourceTree = "<group>"; };
		838F68E21F71090000C7339B /* location.png */ = {isa = PBXFileReference; lastKnownFileType = image.png; path = location.png; sourceTree = "<group>"; };
		838F68E31F71090000C7339B /* location@2x.png */ = {isa = PBXFileReference; lastKnownFileType = image.png; path = "location@2x.png"; sourceTree = "<group>"; };
		838F68E41F71090000C7339B /* location@3x.png */ = {isa = PBXFileReference; lastKnownFileType = image.png; path = "location@3x.png"; sourceTree = "<group>"; };
		838F68E51F71090000C7339B /* Refresh.png */ = {isa = PBXFileReference; lastKnownFileType = image.png; path = Refresh.png; sourceTree = "<group>"; };
		838F68E61F71090000C7339B /* Refresh@2x.png */ = {isa = PBXFileReference; lastKnownFileType = image.png; path = "Refresh@2x.png"; sourceTree = "<group>"; };
		838F68E71F71090000C7339B /* Refresh@3x.png */ = {isa = PBXFileReference; lastKnownFileType = image.png; path = "Refresh@3x.png"; sourceTree = "<group>"; };
/* End PBXFileReference section */

/* Begin PBXFrameworksBuildPhase section */
		838F68BE1F7108C300C7339B /* Frameworks */ = {
			isa = PBXFrameworksBuildPhase;
			buildActionMask = 2147483647;
			files = (
			);
			runOnlyForDeploymentPostprocessing = 0;
		};
/* End PBXFrameworksBuildPhase section */

/* Begin PBXGroup section */
		838F68B81F7108C300C7339B = {
			isa = PBXGroup;
			children = (
				838F68C31F7108C300C7339B /* iWeather */,
				838F68C21F7108C300C7339B /* Products */,
			);
			sourceTree = "<group>";
		};
		838F68C21F7108C300C7339B /* Products */ = {
			isa = PBXGroup;
			children = (
				838F68C11F7108C300C7339B /* iWeather.app */,
			);
			name = Products;
			sourceTree = "<group>";
		};
		838F68C31F7108C300C7339B /* iWeather */ = {
			isa = PBXGroup;
			children = (
				838F68F01F71094200C7339B /* Resource */,
				838F68C41F7108C300C7339B /* AppDelegate.swift */,
				838F68C61F7108C300C7339B /* ViewController.swift */,
				838F68C81F7108C300C7339B /* Main.storyboard */,
				838F68CB1F7108C300C7339B /* Assets.xcassets */,
				838F68CD1F7108C300C7339B /* LaunchScreen.storyboard */,
				838F68D01F7108C300C7339B /* Info.plist */,
			);
			path = iWeather;
			sourceTree = "<group>";
		};
		838F68EE1F71091700C7339B /* Background */ = {
			isa = PBXGroup;
			children = (
				838F68DC1F7108F100C7339B /* Blood.png */,
				838F68DD1F7108F100C7339B /* Sun.png */,
				838F68DE1F7108F100C7339B /* Moon.png */,
			);
			name = Background;
			sourceTree = "<group>";
		};
		838F68EF1F71092700C7339B /* Icon */ = {
			isa = PBXGroup;
			children = (
				838F68E21F71090000C7339B /* location.png */,
				838F68E31F71090000C7339B /* location@2x.png */,
				838F68E41F71090000C7339B /* location@3x.png */,
				838F68E51F71090000C7339B /* Refresh.png */,
				838F68E61F71090000C7339B /* Refresh@2x.png */,
				838F68E71F71090000C7339B /* Refresh@3x.png */,
			);
			name = Icon;
			sourceTree = "<group>";
		};
		838F68F01F71094200C7339B /* Resource */ = {
			isa = PBXGroup;
			children = (
				838F68EF1F71092700C7339B /* Icon */,
				838F68EE1F71091700C7339B /* Background */,
			);
			name = Resource;
			sourceTree = "<group>";
		};
/* End PBXGroup section */

/* Begin PBXNativeTarget section */
		838F68C01F7108C300C7339B /* iWeather */ = {
			isa = PBXNativeTarget;
			buildConfigurationList = 838F68D31F7108C300C7339B /* Build configuration list for PBXNativeTarget "iWeather" */;
			buildPhases = (
				838F68BD1F7108C300C7339B /* Sources */,
				838F68BE1F7108C300C7339B /* Frameworks */,
				838F68BF1F7108C300C7339B /* Resources */,
			);
			buildRules = (
			);
			dependencies = (
			);
			name = iWeather;
			productName = iWeather;
			productReference = 838F68C11F7108C300C7339B /* iWeather.app */;
			productType = "com.apple.product-type.application";
		};
/* End PBXNativeTarget section */

/* Begin PBXProject section */
		838F68B91F7108C300C7339B /* Project object */ = {
			isa = PBXProject;
			attributes = {
				LastSwiftUpdateCheck = 0830;
				LastUpgradeCheck = 0830;
				ORGANIZATIONNAME = "Van Ho Si";
				TargetAttributes = {
					838F68C01F7108C300C7339B = {
						CreatedOnToolsVersion = 8.3.3;
						DevelopmentTeam = 75XWLH3WNJ;
						ProvisioningStyle = Automatic;
					};
				};
			};
			buildConfigurationList = 838F68BC1F7108C300C7339B /* Build configuration list for PBXProject "iWeather" */;
			compatibilityVersion = "Xcode 3.2";
			developmentRegion = English;
			hasScannedForEncodings = 0;
			knownRegions = (
				en,
				Base,
			);
			mainGroup = 838F68B81F7108C300C7339B;
			productRefGroup = 838F68C21F7108C300C7339B /* Products */;
			projectDirPath = "";
			projectRoot = "";
			targets = (
				838F68C01F7108C300C7339B /* iWeather */,
			);
		};
/* End PBXProject section */

/* Begin PBXResourcesBuildPhase section */
		838F68BF1F7108C300C7339B /* Resources */ = {
			isa = PBXResourcesBuildPhase;
			buildActionMask = 2147483647;
			files = (
				838F68E11F7108F100C7339B /* Moon.png in Resources */,
				838F68E01F7108F100C7339B /* Sun.png in Resources */,
				838F68EC1F71090000C7339B /* Refresh@2x.png in Resources */,
				838F68ED1F71090000C7339B /* Refresh@3x.png in Resources */,
				838F68DF1F7108F100C7339B /* Blood.png in Resources */,
				838F68EA1F71090000C7339B /* location@3x.png in Resources */,
				838F68CF1F7108C300C7339B /* LaunchScreen.storyboard in Resources */,
				838F68E81F71090000C7339B /* location.png in Resources */,
				838F68E91F71090000C7339B /* location@2x.png in Resources */,
				838F68CC1F7108C300C7339B /* Assets.xcassets in Resources */,
				838F68CA1F7108C300C7339B /* Main.storyboard in Resources */,
				838F68EB1F71090000C7339B /* Refresh.png in Resources */,
			);
			runOnlyForDeploymentPostprocessing = 0;
		};
/* End PBXResourcesBuildPhase section */

/* Begin PBXSourcesBuildPhase section */
		838F68BD1F7108C300C7339B /* Sources */ = {
			isa = PBXSourcesBuildPhase;
			buildActionMask = 2147483647;
			files = (
				838F68C71F7108C300C7339B /* ViewController.swift in Sources */,
				838F68C51F7108C300C7339B /* AppDelegate.swift in Sources */,
			);
			runOnlyForDeploymentPostprocessing = 0;
		};
/* End PBXSourcesBuildPhase section */

/* Begin PBXVariantGroup section */
		838F68C81F7108C300C7339B /* Main.storyboard */ = {
			isa = PBXVariantGroup;
			children = (
				838F68C91F7108C300C7339B /* Base */,
			);
			name = Main.storyboard;
			sourceTree = "<group>";
		};
		838F68CD1F7108C300C7339B /* LaunchScreen.storyboard */ = {
			isa = PBXVariantGroup;
			children = (
				838F68CE1F7108C300C7339B /* Base */,
			);
			name = LaunchScreen.storyboard;
			sourceTree = "<group>";
		};
/* End PBXVariantGroup section */

/* Begin XCBuildConfiguration section */
		838F68D11F7108C300C7339B /* Debug */ = {
			isa = XCBuildConfiguration;
			buildSettings = {
				ALWAYS_SEARCH_USER_PATHS = NO;
				CLANG_ANALYZER_NONNULL = YES;
				CLANG_ANALYZER_NUMBER_OBJECT_CONVERSION = YES_AGGRESSIVE;
				CLANG_CXX_LANGUAGE_STANDARD = "gnu++0x";
				CLANG_CXX_LIBRARY = "libc++";
				CLANG_ENABLE_MODULES = YES;
				CLANG_ENABLE_OBJC_ARC = YES;
				CLANG_WARN_BOOL_CONVERSION = YES;
				CLANG_WARN_CONSTANT_CONVERSION = YES;
				CLANG_WARN_DIRECT_OBJC_ISA_USAGE = YES_ERROR;
				CLANG_WARN_DOCUMENTATION_COMMENTS = YES;
				CLANG_WARN_EMPTY_BODY = YES;
				CLANG_WARN_ENUM_CONVERSION = YES;
				CLANG_WARN_INFINITE_RECURSION = YES;
				CLANG_WARN_INT_CONVERSION = YES;
				CLANG_WARN_OBJC_ROOT_CLASS = YES_ERROR;
				CLANG_WARN_SUSPICIOUS_MOVE = YES;
				CLANG_WARN_UNREACHABLE_CODE = YES;
				CLANG_WARN__DUPLICATE_METHOD_MATCH = YES;
				"CODE_SIGN_IDENTITY[sdk=iphoneos*]" = "iPhone Developer";
				COPY_PHASE_STRIP = NO;
				DEBUG_INFORMATION_FORMAT = dwarf;
				ENABLE_STRICT_OBJC_MSGSEND = YES;
				ENABLE_TESTABILITY = YES;
				GCC_C_LANGUAGE_STANDARD = gnu99;
				GCC_DYNAMIC_NO_PIC = NO;
				GCC_NO_COMMON_BLOCKS = YES;
				GCC_OPTIMIZATION_LEVEL = 0;
				GCC_PREPROCESSOR_DEFINITIONS = (
					"DEBUG=1",
					"$(inherited)",
				);
				GCC_WARN_64_TO_32_BIT_CONVERSION = YES;
				GCC_WARN_ABOUT_RETURN_TYPE = YES_ERROR;
				GCC_WARN_UNDECLARED_SELECTOR = YES;
				GCC_WARN_UNINITIALIZED_AUTOS = YES_AGGRESSIVE;
				GCC_WARN_UNUSED_FUNCTION = YES;
				GCC_WARN_UNUSED_VARIABLE = YES;
				IPHONEOS_DEPLOYMENT_TARGET = 10.3;
				MTL_ENABLE_DEBUG_INFO = YES;
				ONLY_ACTIVE_ARCH = YES;
				SDKROOT = iphoneos;
				SWIFT_ACTIVE_COMPILATION_CONDITIONS = DEBUG;
				SWIFT_OPTIMIZATION_LEVEL = "-Onone";
			};
			name = Debug;
		};
		838F68D21F7108C300C7339B /* Release */ = {
			isa = XCBuildConfiguration;
			buildSettings = {
				ALWAYS_SEARCH_USER_PATHS = NO;
				CLANG_ANALYZER_NONNULL = YES;
				CLANG_ANALYZER_NUMBER_OBJECT_CONVERSION = YES_AGGRESSIVE;
				CLANG_CXX_LANGUAGE_STANDARD = "gnu++0x";
				CLANG_CXX_LIBRARY = "libc++";
				CLANG_ENABLE_MODULES = YES;
				CLANG_ENABLE_OBJC_ARC = YES;
				CLANG_WARN_BOOL_CONVERSION = YES;
				CLANG_WARN_CONSTANT_CONVERSION = YES;
				CLANG_WARN_DIRECT_OBJC_ISA_USAGE = YES_ERROR;
				CLANG_WARN_DOCUMENTATION_COMMENTS = YES;
				CLANG_WARN_EMPTY_BODY = YES;
				CLANG_WARN_ENUM_CONVERSION = YES;
				CLANG_WARN_INFINITE_RECURSION = YES;
				CLANG_WARN_INT_CONVERSION = YES;
				CLANG_WARN_OBJC_ROOT_CLASS = YES_ERROR;
				CLANG_WARN_SUSPICIOUS_MOVE = YES;
				CLANG_WARN_UNREACHABLE_CODE = YES;
				CLANG_WARN__DUPLICATE_METHOD_MATCH = YES;
				"CODE_SIGN_IDENTITY[sdk=iphoneos*]" = "iPhone Developer";
				COPY_PHASE_STRIP = NO;
				DEBUG_INFORMATION_FORMAT = "dwarf-with-dsym";
				ENABLE_NS_ASSERTIONS = NO;
				ENABLE_STRICT_OBJC_MSGSEND = YES;
				GCC_C_LANGUAGE_STANDARD = gnu99;
				GCC_NO_COMMON_BLOCKS = YES;
				GCC_WARN_64_TO_32_BIT_CONVERSION = YES;
				GCC_WARN_ABOUT_RETURN_TYPE = YES_ERROR;
				GCC_WARN_UNDECLARED_SELECTOR = YES;
				GCC_WARN_UNINITIALIZED_AUTOS = YES_AGGRESSIVE;
				GCC_WARN_UNUSED_FUNCTION = YES;
				GCC_WARN_UNUSED_VARIABLE = YES;
				IPHONEOS_DEPLOYMENT_TARGET = 10.3;
				MTL_ENABLE_DEBUG_INFO = NO;
				SDKROOT = iphoneos;
				SWIFT_OPTIMIZATION_LEVEL = "-Owholemodule";
				VALIDATE_PRODUCT = YES;
			};
			name = Release;
		};
		838F68D41F7108C300C7339B /* Debug */ = {
			isa = XCBuildConfiguration;
			buildSettings = {
				ASSETCATALOG_COMPILER_APPICON_NAME = AppIcon;
				DEVELOPMENT_TEAM = 75XWLH3WNJ;
				INFOPLIST_FILE = iWeather/Info.plist;
				LD_RUNPATH_SEARCH_PATHS = "$(inherited) @executable_path/Frameworks";
				PRODUCT_BUNDLE_IDENTIFIER = vn.hosivan.iWeather;
				PRODUCT_NAME = "$(TARGET_NAME)";
				SWIFT_VERSION = 3.0;
			};
			name = Debug;
		};
		838F68D51F7108C300C7339B /* Release */ = {
			isa = XCBuildConfiguration;
			buildSettings = {
				ASSETCATALOG_COMPILER_APPICON_NAME = AppIcon;
				DEVELOPMENT_TEAM = 75XWLH3WNJ;
				INFOPLIST_FILE = iWeather/Info.plist;
				LD_RUNPATH_SEARCH_PATHS = "$(inherited) @executable_path/Frameworks";
				PRODUCT_BUNDLE_IDENTIFIER = vn.hosivan.iWeather;
				PRODUCT_NAME = "$(TARGET_NAME)";
				SWIFT_VERSION = 3.0;
			};
			name = Release;
		};
/* End XCBuildConfiguration section */

/* Begin XCConfigurationList section */
		838F68BC1F7108C300C7339B /* Build configuration list for PBXProject "iWeather" */ = {
			isa = XCConfigurationList;
			buildConfigurations = (
				838F68D11F7108C300C7339B /* Debug */,
				838F68D21F7108C300C7339B /* Release */,
			);
			defaultConfigurationIsVisible = 0;
			defaultConfigurationName = Release;
		};
		838F68D31F7108C300C7339B /* Build configuration list for PBXNativeTarget "iWeather" */ = {
			isa = XCConfigurationList;
			buildConfigurations = (
				838F68D41F7108C300C7339B /* Debug */,
				838F68D51F7108C300C7339B /* Release */,
			);
			defaultConfigurationIsVisible = 0;
		};
/* End XCConfigurationList section */
	};
	rootObject = 838F68B91F7108C300C7339B /* Project object */;
}
